
Microsoft Visual Studio Solution File, Format Version 12.00
# Visual Studio Version 16
VisualStudioVersion = 16.0.30406.217
MinimumVisualStudioVersion = 10.0.40219.1
Project("{FAE04EC0-301F-11D3-BF4B-00C04F79EFBC}") = "WalletQ", "WalletQ.csproj", "{5222DA7B-F405-48C5-B3DD-3B688C09B163}"
EndProject
Global
	GlobalSection(SolutionConfigurationPlatforms) = preSolution
		Debug|Any CPU = Debug|Any CPU
		Release|Any CPU = Release|Any CPU
	EndGlobalSection
	GlobalSection(ProjectConfigurationPlatforms) = postSolution
		{5222DA7B-F405-48C5-B3DD-3B688C09B163}.Debug|Any CPU.ActiveCfg = Debug|Any CPU
		{5222DA7B-F405-48C5-B3DD-3B688C09B163}.Debug|Any CPU.Build.0 = Debug|Any CPU
		{5222DA7B-F405-48C5-B3DD-3B688C09B163}.Release|Any CPU.ActiveCfg = Release|Any CPU
		{5222DA7B-F405-48C5-B3DD-3B688C09B163}.Release|Any CPU.Build.0 = Release|Any CPU
	EndGlobalSection
	GlobalSection(SolutionProperties) = preSolution
		HideSolutionNode = FALSE
	EndGlobalSection
	GlobalSection(ExtensibilityGlobals) = postSolution
		SolutionGuid = {0E24DF4B-547B-4A02-B279-86E8412405CE}
	EndGlobalSection
EndGlobal
